// !$*UTF8*$!
{
	archiveVersion = 1;
	classes = {
	};
	objectVersion = 55;
	objects = {

/* Begin PBXBuildFile section */
		6F0692FA27E869670028E79F /* RestaurantDetailTextCell.swift in Sources */ = {isa = PBXBuildFile; fileRef = 6F0692F927E869670028E79F /* RestaurantDetailTextCell.swift */; };
		6F0692FC27E86B4F0028E79F /* RestaurantDetailTwoColumnCell.swift in Sources */ = {isa = PBXBuildFile; fileRef = 6F0692FB27E86B4F0028E79F /* RestaurantDetailTwoColumnCell.swift */; };
		6F98377127E1DF230087535F /* AppDelegate.swift in Sources */ = {isa = PBXBuildFile; fileRef = 6F98377027E1DF230087535F /* AppDelegate.swift */; };
		6F98377327E1DF230087535F /* SceneDelegate.swift in Sources */ = {isa = PBXBuildFile; fileRef = 6F98377227E1DF230087535F /* SceneDelegate.swift */; };
		6F98377827E1DF230087535F /* Main.storyboard in Resources */ = {isa = PBXBuildFile; fileRef = 6F98377627E1DF230087535F /* Main.storyboard */; };
		6F98377A27E1DF250087535F /* Assets.xcassets in Resources */ = {isa = PBXBuildFile; fileRef = 6F98377927E1DF250087535F /* Assets.xcassets */; };
		6F98377D27E1DF250087535F /* LaunchScreen.storyboard in Resources */ = {isa = PBXBuildFile; fileRef = 6F98377B27E1DF250087535F /* LaunchScreen.storyboard */; };
		6F98378527E1DFCC0087535F /* RestaurantTableTableViewController.swift in Sources */ = {isa = PBXBuildFile; fileRef = 6F98378427E1DFCC0087535F /* RestaurantTableTableViewController.swift */; };
		6F98378727E2106A0087535F /* RestaurantTableViewCell.swift in Sources */ = {isa = PBXBuildFile; fileRef = 6F98378627E2106A0087535F /* RestaurantTableViewCell.swift */; };
		6F98378927E3B9D00087535F /* Restaurant.swift in Sources */ = {isa = PBXBuildFile; fileRef = 6F98378827E3B9D00087535F /* Restaurant.swift */; };
		6F98378F27E462080087535F /* RestaurantDiffableDataSource.swift in Sources */ = {isa = PBXBuildFile; fileRef = 6F98378E27E462080087535F /* RestaurantDiffableDataSource.swift */; };
		6F98379127E4B88B0087535F /* RestaurantDetailViewController.swift in Sources */ = {isa = PBXBuildFile; fileRef = 6F98379027E4B88A0087535F /* RestaurantDetailViewController.swift */; };
		6F98379627E4C9D60087535F /* Nunito-Bold.ttf in Resources */ = {isa = PBXBuildFile; fileRef = 6F98379427E4C99D0087535F /* Nunito-Bold.ttf */; };
		6F98379727E4C9D60087535F /* Nunito-Regular.ttf in Resources */ = {isa = PBXBuildFile; fileRef = 6F98379527E4C99D0087535F /* Nunito-Regular.ttf */; };
		6F98379927E4CE130087535F /* RestaurantDetailHeaderView.swift in Sources */ = {isa = PBXBuildFile; fileRef = 6F98379827E4CE130087535F /* RestaurantDetailHeaderView.swift */; };
/* End PBXBuildFile section */

/* Begin PBXFileReference section */
		6F0692F927E869670028E79F /* RestaurantDetailTextCell.swift */ = {isa = PBXFileReference; lastKnownFileType = sourcecode.swift; path = RestaurantDetailTextCell.swift; sourceTree = "<group>"; };
		6F0692FB27E86B4F0028E79F /* RestaurantDetailTwoColumnCell.swift */ = {isa = PBXFileReference; lastKnownFileType = sourcecode.swift; path = RestaurantDetailTwoColumnCell.swift; sourceTree = "<group>"; };
		6F98376D27E1DF230087535F /* FoodPin_UIKit.app */ = {isa = PBXFileReference; explicitFileType = wrapper.application; includeInIndex = 0; path = FoodPin_UIKit.app; sourceTree = BUILT_PRODUCTS_DIR; };
		6F98377027E1DF230087535F /* AppDelegate.swift */ = {isa = PBXFileReference; lastKnownFileType = sourcecode.swift; path = AppDelegate.swift; sourceTree = "<group>"; };
		6F98377227E1DF230087535F /* SceneDelegate.swift */ = {isa = PBXFileReference; lastKnownFileType = sourcecode.swift; path = SceneDelegate.swift; sourceTree = "<group>"; };
		6F98377727E1DF230087535F /* Base */ = {isa = PBXFileReference; lastKnownFileType = file.storyboard; name = Base; path = Base.lproj/Main.storyboard; sourceTree = "<group>"; };
		6F98377927E1DF250087535F /* Assets.xcassets */ = {isa = PBXFileReference; lastKnownFileType = folder.assetcatalog; path = Assets.xcassets; sourceTree = "<group>"; };
		6F98377C27E1DF250087535F /* Base */ = {isa = PBXFileReference; lastKnownFileType = file.storyboard; name = Base; path = Base.lproj/LaunchScreen.storyboard; sourceTree = "<group>"; };
		6F98377E27E1DF250087535F /* Info.plist */ = {isa = PBXFileReference; lastKnownFileType = text.plist.xml; path = Info.plist; sourceTree = "<group>"; };
		6F98378427E1DFCC0087535F /* RestaurantTableTableViewController.swift */ = {isa = PBXFileReference; lastKnownFileType = sourcecode.swift; path = RestaurantTableTableViewController.swift; sourceTree = "<group>"; };
		6F98378627E2106A0087535F /* RestaurantTableViewCell.swift */ = {isa = PBXFileReference; lastKnownFileType = sourcecode.swift; path = RestaurantTableViewCell.swift; sourceTree = "<group>"; };
		6F98378827E3B9D00087535F /* Restaurant.swift */ = {isa = PBXFileReference; lastKnownFileType = sourcecode.swift; path = Restaurant.swift; sourceTree = "<group>"; };
		6F98378E27E462080087535F /* RestaurantDiffableDataSource.swift */ = {isa = PBXFileReference; lastKnownFileType = sourcecode.swift; path = RestaurantDiffableDataSource.swift; sourceTree = "<group>"; };
		6F98379027E4B88A0087535F /* RestaurantDetailViewController.swift */ = {isa = PBXFileReference; lastKnownFileType = sourcecode.swift; path = RestaurantDetailViewController.swift; sourceTree = "<group>"; };
		6F98379427E4C99D0087535F /* Nunito-Bold.ttf */ = {isa = PBXFileReference; lastKnownFileType = file; path = "Nunito-Bold.ttf"; sourceTree = "<group>"; };
		6F98379527E4C99D0087535F /* Nunito-Regular.ttf */ = {isa = PBXFileReference; lastKnownFileType = file; path = "Nunito-Regular.ttf"; sourceTree = "<group>"; };
		6F98379827E4CE130087535F /* RestaurantDetailHeaderView.swift */ = {isa = PBXFileReference; lastKnownFileType = sourcecode.swift; path = RestaurantDetailHeaderView.swift; sourceTree = "<group>"; };
/* End PBXFileReference section */

/* Begin PBXFrameworksBuildPhase section */
		6F98376A27E1DF230087535F /* Frameworks */ = {
			isa = PBXFrameworksBuildPhase;
			buildActionMask = 2147483647;
			files = (
			);
			runOnlyForDeploymentPostprocessing = 0;
		};
/* End PBXFrameworksBuildPhase section */

/* Begin PBXGroup section */
		6F98376427E1DF230087535F = {
			isa = PBXGroup;
			children = (
				6F98376F27E1DF230087535F /* FoodPin_UIKit */,
				6F98376E27E1DF230087535F /* Products */,
			);
			sourceTree = "<group>";
		};
		6F98376E27E1DF230087535F /* Products */ = {
			isa = PBXGroup;
			children = (
				6F98376D27E1DF230087535F /* FoodPin_UIKit.app */,
			);
			name = Products;
			sourceTree = "<group>";
		};
		6F98376F27E1DF230087535F /* FoodPin_UIKit */ = {
			isa = PBXGroup;
			children = (
				6F98378B27E45A510087535F /* Storyboard */,
				6F98378C27E45A680087535F /* Model */,
				6F98378D27E45A740087535F /* View */,
				6F98378A27E45A2B0087535F /* Controller */,
				6F98377027E1DF230087535F /* AppDelegate.swift */,
				6F98377227E1DF230087535F /* SceneDelegate.swift */,
				6F98377927E1DF250087535F /* Assets.xcassets */,
				6F98379227E4C94B0087535F /* Resources */,
				6F98377E27E1DF250087535F /* Info.plist */,
			);
			path = FoodPin_UIKit;
			sourceTree = "<group>";
		};
		6F98378A27E45A2B0087535F /* Controller */ = {
			isa = PBXGroup;
			children = (
				6F98378427E1DFCC0087535F /* RestaurantTableTableViewController.swift */,
				6F98379027E4B88A0087535F /* RestaurantDetailViewController.swift */,
			);
			path = Controller;
			sourceTree = "<group>";
		};
		6F98378B27E45A510087535F /* Storyboard */ = {
			isa = PBXGroup;
			children = (
				6F98377627E1DF230087535F /* Main.storyboard */,
				6F98377B27E1DF250087535F /* LaunchScreen.storyboard */,
			);
			path = Storyboard;
			sourceTree = "<group>";
		};
		6F98378C27E45A680087535F /* Model */ = {
			isa = PBXGroup;
			children = (
				6F98378827E3B9D00087535F /* Restaurant.swift */,
				6F98378E27E462080087535F /* RestaurantDiffableDataSource.swift */,
			);
			path = Model;
			sourceTree = "<group>";
		};
		6F98378D27E45A740087535F /* View */ = {
			isa = PBXGroup;
			children = (
				6F98378627E2106A0087535F /* RestaurantTableViewCell.swift */,
				6F98379827E4CE130087535F /* RestaurantDetailHeaderView.swift */,
				6F0692F927E869670028E79F /* RestaurantDetailTextCell.swift */,
				6F0692FB27E86B4F0028E79F /* RestaurantDetailTwoColumnCell.swift */,
			);
			path = View;
			sourceTree = "<group>";
		};
		6F98379227E4C94B0087535F /* Resources */ = {
			isa = PBXGroup;
			children = (
				6F98379327E4C9620087535F /* Fonts */,
			);
			path = Resources;
			sourceTree = "<group>";
		};
		6F98379327E4C9620087535F /* Fonts */ = {
			isa = PBXGroup;
			children = (
				6F98379427E4C99D0087535F /* Nunito-Bold.ttf */,
				6F98379527E4C99D0087535F /* Nunito-Regular.ttf */,
			);
			path = Fonts;
			sourceTree = "<group>";
		};
/* End PBXGroup section */

/* Begin PBXNativeTarget section */
		6F98376C27E1DF230087535F /* FoodPin_UIKit */ = {
			isa = PBXNativeTarget;
			buildConfigurationList = 6F98378127E1DF250087535F /* Build configuration list for PBXNativeTarget "FoodPin_UIKit" */;
			buildPhases = (
				6F98376927E1DF230087535F /* Sources */,
				6F98376A27E1DF230087535F /* Frameworks */,
				6F98376B27E1DF230087535F /* Resources */,
			);
			buildRules = (
			);
			dependencies = (
			);
			name = FoodPin_UIKit;
			productName = FoodPin_UIKit;
			productReference = 6F98376D27E1DF230087535F /* FoodPin_UIKit.app */;
			productType = "com.apple.product-type.application";
		};
/* End PBXNativeTarget section */

/* Begin PBXProject section */
		6F98376527E1DF230087535F /* Project object */ = {
			isa = PBXProject;
			attributes = {
				BuildIndependentTargetsInParallel = 1;
				LastSwiftUpdateCheck = 1320;
				LastUpgradeCheck = 1320;
				TargetAttributes = {
					6F98376C27E1DF230087535F = {
						CreatedOnToolsVersion = 13.2.1;
					};
				};
			};
			buildConfigurationList = 6F98376827E1DF230087535F /* Build configuration list for PBXProject "FoodPin_UIKit" */;
			compatibilityVersion = "Xcode 13.0";
			developmentRegion = en;
			hasScannedForEncodings = 0;
			knownRegions = (
				en,
				Base,
			);
			mainGroup = 6F98376427E1DF230087535F;
			productRefGroup = 6F98376E27E1DF230087535F /* Products */;
			projectDirPath = "";
			projectRoot = "";
			targets = (
				6F98376C27E1DF230087535F /* FoodPin_UIKit */,
			);
		};
/* End PBXProject section */

/* Begin PBXResourcesBuildPhase section */
		6F98376B27E1DF230087535F /* Resources */ = {
			isa = PBXResourcesBuildPhase;
			buildActionMask = 2147483647;
			files = (
				6F98379727E4C9D60087535F /* Nunito-Regular.ttf in Resources */,
				6F98377D27E1DF250087535F /* LaunchScreen.storyboard in Resources */,
				6F98377A27E1DF250087535F /* Assets.xcassets in Resources */,
				6F98379627E4C9D60087535F /* Nunito-Bold.ttf in Resources */,
				6F98377827E1DF230087535F /* Main.storyboard in Resources */,
			);
			runOnlyForDeploymentPostprocessing = 0;
		};
/* End PBXResourcesBuildPhase section */

/* Begin PBXSourcesBuildPhase section */
		6F98376927E1DF230087535F /* Sources */ = {
			isa = PBXSourcesBuildPhase;
			buildActionMask = 2147483647;
			files = (
				6F98378927E3B9D00087535F /* Restaurant.swift in Sources */,
				6F0692FA27E869670028E79F /* RestaurantDetailTextCell.swift in Sources */,
				6F98378727E2106A0087535F /* RestaurantTableViewCell.swift in Sources */,
				6F98378527E1DFCC0087535F /* RestaurantTableTableViewController.swift in Sources */,
				6F0692FC27E86B4F0028E79F /* RestaurantDetailTwoColumnCell.swift in Sources */,
				6F98377127E1DF230087535F /* AppDelegate.swift in Sources */,
				6F98378F27E462080087535F /* RestaurantDiffableDataSource.swift in Sources */,
				6F98379127E4B88B0087535F /* RestaurantDetailViewController.swift in Sources */,
				6F98379927E4CE130087535F /* RestaurantDetailHeaderView.swift in Sources */,
				6F98377327E1DF230087535F /* SceneDelegate.swift in Sources */,
			);
			runOnlyForDeploymentPostprocessing = 0;
		};
/* End PBXSourcesBuildPhase section */

/* Begin PBXVariantGroup section */
		6F98377627E1DF230087535F /* Main.storyboard */ = {
			isa = PBXVariantGroup;
			children = (
				6F98377727E1DF230087535F /* Base */,
			);
			name = Main.storyboard;
			sourceTree = "<group>";
		};
		6F98377B27E1DF250087535F /* LaunchScreen.storyboard */ = {
			isa = PBXVariantGroup;
			children = (
				6F98377C27E1DF250087535F /* Base */,
			);
			name = LaunchScreen.storyboard;
			sourceTree = "<group>";
		};
/* End PBXVariantGroup section */

/* Begin XCBuildConfiguration section */
		6F98377F27E1DF250087535F /* Debug */ = {
			isa = XCBuildConfiguration;
			buildSettings = {
				ALWAYS_SEARCH_USER_PATHS = NO;
				CLANG_ANALYZER_NONNULL = YES;
				CLANG_ANALYZER_NUMBER_OBJECT_CONVERSION = YES_AGGRESSIVE;
				CLANG_CXX_LANGUAGE_STANDARD = "gnu++17";
				CLANG_CXX_LIBRARY = "libc++";
				CLANG_ENABLE_MODULES = YES;
				CLANG_ENABLE_OBJC_ARC = YES;
				CLANG_ENABLE_OBJC_WEAK = YES;
				CLANG_WARN_BLOCK_CAPTURE_AUTORELEASING = YES;
				CLANG_WARN_BOOL_CONVERSION = YES;
				CLANG_WARN_COMMA = YES;
				CLANG_WARN_CONSTANT_CONVERSION = YES;
				CLANG_WARN_DEPRECATED_OBJC_IMPLEMENTATIONS = YES;
				CLANG_WARN_DIRECT_OBJC_ISA_USAGE = YES_ERROR;
				CLANG_WARN_DOCUMENTATION_COMMENTS = YES;
				CLANG_WARN_EMPTY_BODY = YES;
				CLANG_WARN_ENUM_CONVERSION = YES;
				CLANG_WARN_INFINITE_RECURSION = YES;
				CLANG_WARN_INT_CONVERSION = YES;
				CLANG_WARN_NON_LITERAL_NULL_CONVERSION = YES;
				CLANG_WARN_OBJC_IMPLICIT_RETAIN_SELF = YES;
				CLANG_WARN_OBJC_LITERAL_CONVERSION = YES;
				CLANG_WARN_OBJC_ROOT_CLASS = YES_ERROR;
				CLANG_WARN_QUOTED_INCLUDE_IN_FRAMEWORK_HEADER = YES;
				CLANG_WARN_RANGE_LOOP_ANALYSIS = YES;
				CLANG_WARN_STRICT_PROTOTYPES = YES;
				CLANG_WARN_SUSPICIOUS_MOVE = YES;
				CLANG_WARN_UNGUARDED_AVAILABILITY = YES_AGGRESSIVE;
				CLANG_WARN_UNREACHABLE_CODE = YES;
				CLANG_WARN__DUPLICATE_METHOD_MATCH = YES;
				COPY_PHASE_STRIP = NO;
				DEBUG_INFORMATION_FORMAT = dwarf;
				ENABLE_STRICT_OBJC_MSGSEND = YES;
				ENABLE_TESTABILITY = YES;
				GCC_C_LANGUAGE_STANDARD = gnu11;
				GCC_DYNAMIC_NO_PIC = NO;
				GCC_NO_COMMON_BLOCKS = YES;
				GCC_OPTIMIZATION_LEVEL = 0;
				GCC_PREPROCESSOR_DEFINITIONS = (
					"DEBUG=1",
					"$(inherited)",
				);
				GCC_WARN_64_TO_32_BIT_CONVERSION = YES;
				GCC_WARN_ABOUT_RETURN_TYPE = YES_ERROR;
				GCC_WARN_UNDECLARED_SELECTOR = YES;
				GCC_WARN_UNINITIALIZED_AUTOS = YES_AGGRESSIVE;
				GCC_WARN_UNUSED_FUNCTION = YES;
				GCC_WARN_UNUSED_VARIABLE = YES;
				IPHONEOS_DEPLOYMENT_TARGET = 15.2;
				MTL_ENABLE_DEBUG_INFO = INCLUDE_SOURCE;
				MTL_FAST_MATH = YES;
				ONLY_ACTIVE_ARCH = YES;
				SDKROOT = iphoneos;
				SWIFT_ACTIVE_COMPILATION_CONDITIONS = DEBUG;
				SWIFT_OPTIMIZATION_LEVEL = "-Onone";
			};
			name = Debug;
		};
		6F98378027E1DF250087535F /* Release */ = {
			isa = XCBuildConfiguration;
			buildSettings = {
				ALWAYS_SEARCH_USER_PATHS = NO;
				CLANG_ANALYZER_NONNULL = YES;
				CLANG_ANALYZER_NUMBER_OBJECT_CONVERSION = YES_AGGRESSIVE;
				CLANG_CXX_LANGUAGE_STANDARD = "gnu++17";
				CLANG_CXX_LIBRARY = "libc++";
				CLANG_ENABLE_MODULES = YES;
				CLANG_ENABLE_OBJC_ARC = YES;
				CLANG_ENABLE_OBJC_WEAK = YES;
				CLANG_WARN_BLOCK_CAPTURE_AUTORELEASING = YES;
				CLANG_WARN_BOOL_CONVERSION = YES;
				CLANG_WARN_COMMA = YES;
				CLANG_WARN_CONSTANT_CONVERSION = YES;
				CLANG_WARN_DEPRECATED_OBJC_IMPLEMENTATIONS = YES;
				CLANG_WARN_DIRECT_OBJC_ISA_USAGE = YES_ERROR;
				CLANG_WARN_DOCUMENTATION_COMMENTS = YES;
				CLANG_WARN_EMPTY_BODY = YES;
				CLANG_WARN_ENUM_CONVERSION = YES;
				CLANG_WARN_INFINITE_RECURSION = YES;
				CLANG_WARN_INT_CONVERSION = YES;
				CLANG_WARN_NON_LITERAL_NULL_CONVERSION = YES;
				CLANG_WARN_OBJC_IMPLICIT_RETAIN_SELF = YES;
				CLANG_WARN_OBJC_LITERAL_CONVERSION = YES;
				CLANG_WARN_OBJC_ROOT_CLASS = YES_ERROR;
				CLANG_WARN_QUOTED_INCLUDE_IN_FRAMEWORK_HEADER = YES;
				CLANG_WARN_RANGE_LOOP_ANALYSIS = YES;
				CLANG_WARN_STRICT_PROTOTYPES = YES;
				CLANG_WARN_SUSPICIOUS_MOVE = YES;
				CLANG_WARN_UNGUARDED_AVAILABILITY = YES_AGGRESSIVE;
				CLANG_WARN_UNREACHABLE_CODE = YES;
				CLANG_WARN__DUPLICATE_METHOD_MATCH = YES;
				COPY_PHASE_STRIP = NO;
				DEBUG_INFORMATION_FORMAT = "dwarf-with-dsym";
				ENABLE_NS_ASSERTIONS = NO;
				ENABLE_STRICT_OBJC_MSGSEND = YES;
				GCC_C_LANGUAGE_STANDARD = gnu11;
				GCC_NO_COMMON_BLOCKS = YES;
				GCC_WARN_64_TO_32_BIT_CONVERSION = YES;
				GCC_WARN_ABOUT_RETURN_TYPE = YES_ERROR;
				GCC_WARN_UNDECLARED_SELECTOR = YES;
				GCC_WARN_UNINITIALIZED_AUTOS = YES_AGGRESSIVE;
				GCC_WARN_UNUSED_FUNCTION = YES;
				GCC_WARN_UNUSED_VARIABLE = YES;
				IPHONEOS_DEPLOYMENT_TARGET = 15.2;
				MTL_ENABLE_DEBUG_INFO = NO;
				MTL_FAST_MATH = YES;
				SDKROOT = iphoneos;
				SWIFT_COMPILATION_MODE = wholemodule;
				SWIFT_OPTIMIZATION_LEVEL = "-O";
				VALIDATE_PRODUCT = YES;
			};
			name = Release;
		};
		6F98378227E1DF250087535F /* Debug */ = {
			isa = XCBuildConfiguration;
			buildSettings = {
				ASSETCATALOG_COMPILER_APPICON_NAME = AppIcon;
				ASSETCATALOG_COMPILER_GLOBAL_ACCENT_COLOR_NAME = AccentColor;
				CODE_SIGN_STYLE = Automatic;
				CURRENT_PROJECT_VERSION = 1;
				DEVELOPMENT_TEAM = 9T65XWHQL7;
				GENERATE_INFOPLIST_FILE = YES;
				INFOPLIST_FILE = FoodPin_UIKit/Info.plist;
				INFOPLIST_KEY_UIApplicationSupportsIndirectInputEvents = YES;
				INFOPLIST_KEY_UILaunchStoryboardName = LaunchScreen;
				INFOPLIST_KEY_UIMainStoryboardFile = Main;
				INFOPLIST_KEY_UISupportedInterfaceOrientations_iPad = "UIInterfaceOrientationPortrait UIInterfaceOrientationPortraitUpsideDown UIInterfaceOrientationLandscapeLeft UIInterfaceOrientationLandscapeRight";
				INFOPLIST_KEY_UISupportedInterfaceOrientations_iPhone = "UIInterfaceOrientationPortrait UIInterfaceOrientationLandscapeLeft UIInterfaceOrientationLandscapeRight";
				LD_RUNPATH_SEARCH_PATHS = (
					"$(inherited)",
					"@executable_path/Frameworks",
				);
				MARKETING_VERSION = 1.0;
				PRODUCT_BUNDLE_IDENTIFIER = "ru.MrMurmanProd.FoodPin-UIKit";
				PRODUCT_NAME = "$(TARGET_NAME)";
				SWIFT_EMIT_LOC_STRINGS = YES;
				SWIFT_VERSION = 5.0;
				TARGETED_DEVICE_FAMILY = "1,2";
			};
			name = Debug;
		};
		6F98378327E1DF250087535F /* Release */ = {
			isa = XCBuildConfiguration;
			buildSettings = {
				ASSETCATALOG_COMPILER_APPICON_NAME = AppIcon;
				ASSETCATALOG_COMPILER_GLOBAL_ACCENT_COLOR_NAME = AccentColor;
				CODE_SIGN_STYLE = Automatic;
				CURRENT_PROJECT_VERSION = 1;
				DEVELOPMENT_TEAM = 9T65XWHQL7;
				GENERATE_INFOPLIST_FILE = YES;
				INFOPLIST_FILE = FoodPin_UIKit/Info.plist;
				INFOPLIST_KEY_UIApplicationSupportsIndirectInputEvents = YES;
				INFOPLIST_KEY_UILaunchStoryboardName = LaunchScreen;
				INFOPLIST_KEY_UIMainStoryboardFile = Main;
				INFOPLIST_KEY_UISupportedInterfaceOrientations_iPad = "UIInterfaceOrientationPortrait UIInterfaceOrientationPortraitUpsideDown UIInterfaceOrientationLandscapeLeft UIInterfaceOrientationLandscapeRight";
				INFOPLIST_KEY_UISupportedInterfaceOrientations_iPhone = "UIInterfaceOrientationPortrait UIInterfaceOrientationLandscapeLeft UIInterfaceOrientationLandscapeRight";
				LD_RUNPATH_SEARCH_PATHS = (
					"$(inherited)",
					"@executable_path/Frameworks",
				);
				MARKETING_VERSION = 1.0;
				PRODUCT_BUNDLE_IDENTIFIER = "ru.MrMurmanProd.FoodPin-UIKit";
				PRODUCT_NAME = "$(TARGET_NAME)";
				SWIFT_EMIT_LOC_STRINGS = YES;
				SWIFT_VERSION = 5.0;
				TARGETED_DEVICE_FAMILY = "1,2";
			};
			name = Release;
		};
/* End XCBuildConfiguration section */

/* Begin XCConfigurationList section */
		6F98376827E1DF230087535F /* Build configuration list for PBXProject "FoodPin_UIKit" */ = {
			isa = XCConfigurationList;
			buildConfigurations = (
				6F98377F27E1DF250087535F /* Debug */,
				6F98378027E1DF250087535F /* Release */,
			);
			defaultConfigurationIsVisible = 0;
			defaultConfigurationName = Release;
		};
		6F98378127E1DF250087535F /* Build configuration list for PBXNativeTarget "FoodPin_UIKit" */ = {
			isa = XCConfigurationList;
			buildConfigurations = (
				6F98378227E1DF250087535F /* Debug */,
				6F98378327E1DF250087535F /* Release */,
			);
			defaultConfigurationIsVisible = 0;
			defaultConfigurationName = Release;
		};
/* End XCConfigurationList section */
	};
	rootObject = 6F98376527E1DF230087535F /* Project object */;
}
